
Microsoft Visual Studio Solution File, Format Version 12.00
# Visual Studio 15
VisualStudioVersion = 15.0.28307.572
MinimumVisualStudioVersion = 10.0.40219.1
Project("{FAE04EC0-301F-11D3-BF4B-00C04F79EFBC}") = "Orderable.Android", "Orderable.Android\Orderable.Android.csproj", "{CF8E2BAF-25DA-4A9B-9C7B-07D8C06E7971}"
EndProject
Project("{FAE04EC0-301F-11D3-BF4B-00C04F79EFBC}") = "Orderable.iOS", "Orderable.iOS\Orderable.iOS.csproj", "{D3227345-083C-48EC-BEE3-EEE71512997A}"
EndProject
Project("{FAE04EC0-301F-11D3-BF4B-00C04F79EFBC}") = "Orderable", "Orderable\Orderable.csproj", "{FE2D634C-805E-4A1A-8C7C-C97EF3F69188}"
EndProject
Global
	GlobalSection(SolutionConfigurationPlatforms) = preSolution
		Ad-Hoc|Any CPU = Ad-Hoc|Any CPU
		Ad-Hoc|iPhone = Ad-Hoc|iPhone
		Ad-Hoc|iPhoneSimulator = Ad-Hoc|iPhoneSimulator
		AppStore|Any CPU = AppStore|Any CPU
		AppStore|iPhone = AppStore|iPhone
		AppStore|iPhoneSimulator = AppStore|iPhoneSimulator
		Debug|Any CPU = Debug|Any CPU
		Debug|iPhone = Debug|iPhone
		Debug|iPhoneSimulator = Debug|iPhoneSimulator
		Release|Any CPU = Release|Any CPU
		Release|iPhone = Release|iPhone
		Release|iPhoneSimulator = Release|iPhoneSimulator
	EndGlobalSection
	GlobalSection(ProjectConfigurationPlatforms) = postSolution
		{CF8E2BAF-25DA-4A9B-9C7B-07D8C06E7971}.Ad-Hoc|Any CPU.ActiveCfg = Release|Any CPU
		{CF8E2BAF-25DA-4A9B-9C7B-07D8C06E7971}.Ad-Hoc|Any CPU.Build.0 = Release|Any CPU
		{CF8E2BAF-25DA-4A9B-9C7B-07D8C06E7971}.Ad-Hoc|Any CPU.Deploy.0 = Release|Any CPU
		{CF8E2BAF-25DA-4A9B-9C7B-07D8C06E7971}.Ad-Hoc|iPhone.ActiveCfg = Release|Any CPU
		{CF8E2BAF-25DA-4A9B-9C7B-07D8C06E7971}.Ad-Hoc|iPhone.Build.0 = Release|Any CPU
		{CF8E2BAF-25DA-4A9B-9C7B-07D8C06E7971}.Ad-Hoc|iPhone.Deploy.0 = Release|Any CPU
		{CF8E2BAF-25DA-4A9B-9C7B-07D8C06E7971}.Ad-Hoc|iPhoneSimulator.ActiveCfg = Release|Any CPU
		{CF8E2BAF-25DA-4A9B-9C7B-07D8C06E7971}.Ad-Hoc|iPhoneSimulator.Build.0 = Release|Any CPU
		{CF8E2BAF-25DA-4A9B-9C7B-07D8C06E7971}.Ad-Hoc|iPhoneSimulator.Deploy.0 = Release|Any CPU
		{CF8E2BAF-25DA-4A9B-9C7B-07D8C06E7971}.AppStore|Any CPU.ActiveCfg = Release|Any CPU
		{CF8E2BAF-25DA-4A9B-9C7B-07D8C06E7971}.AppStore|Any CPU.Build.0 = Release|Any CPU
		{CF8E2BAF-25DA-4A9B-9C7B-07D8C06E7971}.AppStore|Any CPU.Deploy.0 = Release|Any CPU
		{CF8E2BAF-25DA-4A9B-9C7B-07D8C06E7971}.AppStore|iPhone.ActiveCfg = Release|Any CPU
		{CF8E2BAF-25DA-4A9B-9C7B-07D8C06E7971}.AppStore|iPhone.Build.0 = Release|Any CPU
		{CF8E2BAF-25DA-4A9B-9C7B-07D8C06E7971}.AppStore|iPhone.Deploy.0 = Release|Any CPU
		{CF8E2BAF-25DA-4A9B-9C7B-07D8C06E7971}.AppStore|iPhoneSimulator.ActiveCfg = Release|Any CPU
		{CF8E2BAF-25DA-4A9B-9C7B-07D8C06E7971}.AppStore|iPhoneSimulator.Build.0 = Release|Any CPU
		{CF8E2BAF-25DA-4A9B-9C7B-07D8C06E7971}.AppStore|iPhoneSimulator.Deploy.0 = Release|Any CPU
		{CF8E2BAF-25DA-4A9B-9C7B-07D8C06E7971}.Debug|Any CPU.ActiveCfg = Debug|Any CPU
		{CF8E2BAF-25DA-4A9B-9C7B-07D8C06E7971}.Debug|Any CPU.Build.0 = Debug|Any CPU
		{CF8E2BAF-25DA-4A9B-9C7B-07D8C06E7971}.Debug|Any CPU.Deploy.0 = Debug|Any CPU
		{CF8E2BAF-25DA-4A9B-9C7B-07D8C06E7971}.Debug|iPhone.ActiveCfg = Debug|Any CPU
		{CF8E2BAF-25DA-4A9B-9C7B-07D8C06E7971}.Debug|iPhone.Build.0 = Debug|Any CPU
		{CF8E2BAF-25DA-4A9B-9C7B-07D8C06E7971}.Debug|iPhone.Deploy.0 = Debug|Any CPU
		{CF8E2BAF-25DA-4A9B-9C7B-07D8C06E7971}.Debug|iPhoneSimulator.ActiveCfg = Debug|Any CPU
		{CF8E2BAF-25DA-4A9B-9C7B-07D8C06E7971}.Debug|iPhoneSimulator.Build.0 = Debug|Any CPU
		{CF8E2BAF-25DA-4A9B-9C7B-07D8C06E7971}.Debug|iPhoneSimulator.Deploy.0 = Debug|Any CPU
		{CF8E2BAF-25DA-4A9B-9C7B-07D8C06E7971}.Release|Any CPU.ActiveCfg = Release|Any CPU
		{CF8E2BAF-25DA-4A9B-9C7B-07D8C06E7971}.Release|Any CPU.Build.0 = Release|Any CPU
		{CF8E2BAF-25DA-4A9B-9C7B-07D8C06E7971}.Release|Any CPU.Deploy.0 = Release|Any CPU
		{CF8E2BAF-25DA-4A9B-9C7B-07D8C06E7971}.Release|iPhone.ActiveCfg = Release|Any CPU
		{CF8E2BAF-25DA-4A9B-9C7B-07D8C06E7971}.Release|iPhone.Build.0 = Release|Any CPU
		{CF8E2BAF-25DA-4A9B-9C7B-07D8C06E7971}.Release|iPhone.Deploy.0 = Release|Any CPU
		{CF8E2BAF-25DA-4A9B-9C7B-07D8C06E7971}.Release|iPhoneSimulator.ActiveCfg = Release|Any CPU
		{CF8E2BAF-25DA-4A9B-9C7B-07D8C06E7971}.Release|iPhoneSimulator.Build.0 = Release|Any CPU
		{CF8E2BAF-25DA-4A9B-9C7B-07D8C06E7971}.Release|iPhoneSimulator.Deploy.0 = Release|Any CPU
		{D3227345-083C-48EC-BEE3-EEE71512997A}.Ad-Hoc|Any CPU.ActiveCfg = Ad-Hoc|iPhone
		{D3227345-083C-48EC-BEE3-EEE71512997A}.Ad-Hoc|Any CPU.Build.0 = Ad-Hoc|iPhone
		{D3227345-083C-48EC-BEE3-EEE71512997A}.Ad-Hoc|Any CPU.Deploy.0 = Ad-Hoc|iPhone
		{D3227345-083C-48EC-BEE3-EEE71512997A}.Ad-Hoc|iPhone.ActiveCfg = Ad-Hoc|iPhone
		{D3227345-083C-48EC-BEE3-EEE71512997A}.Ad-Hoc|iPhone.Build.0 = Ad-Hoc|iPhone
		{D3227345-083C-48EC-BEE3-EEE71512997A}.Ad-Hoc|iPhone.Deploy.0 = Ad-Hoc|iPhone
		{D3227345-083C-48EC-BEE3-EEE71512997A}.Ad-Hoc|iPhoneSimulator.ActiveCfg = Ad-Hoc|iPhoneSimulator
		{D3227345-083C-48EC-BEE3-EEE71512997A}.Ad-Hoc|iPhoneSimulator.Build.0 = Ad-Hoc|iPhoneSimulator
		{D3227345-083C-48EC-BEE3-EEE71512997A}.Ad-Hoc|iPhoneSimulator.Deploy.0 = Ad-Hoc|iPhoneSimulator
		{D3227345-083C-48EC-BEE3-EEE71512997A}.AppStore|Any CPU.ActiveCfg = AppStore|iPhone
		{D3227345-083C-48EC-BEE3-EEE71512997A}.AppStore|Any CPU.Build.0 = AppStore|iPhone
		{D3227345-083C-48EC-BEE3-EEE71512997A}.AppStore|Any CPU.Deploy.0 = AppStore|iPhone
		{D3227345-083C-48EC-BEE3-EEE71512997A}.AppStore|iPhone.ActiveCfg = AppStore|iPhone
		{D3227345-083C-48EC-BEE3-EEE71512997A}.AppStore|iPhone.Build.0 = AppStore|iPhone
		{D3227345-083C-48EC-BEE3-EEE71512997A}.AppStore|iPhone.Deploy.0 = AppStore|iPhone
		{D3227345-083C-48EC-BEE3-EEE71512997A}.AppStore|iPhoneSimulator.ActiveCfg = AppStore|iPhoneSimulator
		{D3227345-083C-48EC-BEE3-EEE71512997A}.AppStore|iPhoneSimulator.Build.0 = AppStore|iPhoneSimulator
		{D3227345-083C-48EC-BEE3-EEE71512997A}.AppStore|iPhoneSimulator.Deploy.0 = AppStore|iPhoneSimulator
		{D3227345-083C-48EC-BEE3-EEE71512997A}.Debug|Any CPU.ActiveCfg = Debug|iPhoneSimulator
		{D3227345-083C-48EC-BEE3-EEE71512997A}.Debug|Any CPU.Build.0 = Debug|iPhoneSimulator
		{D3227345-083C-48EC-BEE3-EEE71512997A}.Debug|Any CPU.Deploy.0 = Debug|iPhoneSimulator
		{D3227345-083C-48EC-BEE3-EEE71512997A}.Debug|iPhone.ActiveCfg = Debug|iPhone
		{D3227345-083C-48EC-BEE3-EEE71512997A}.Debug|iPhone.Build.0 = Debug|iPhone
		{D3227345-083C-48EC-BEE3-EEE71512997A}.Debug|iPhone.Deploy.0 = Debug|iPhone
		{D3227345-083C-48EC-BEE3-EEE71512997A}.Debug|iPhoneSimulator.ActiveCfg = Debug|iPhoneSimulator
		{D3227345-083C-48EC-BEE3-EEE71512997A}.Debug|iPhoneSimulator.Build.0 = Debug|iPhoneSimulator
		{D3227345-083C-48EC-BEE3-EEE71512997A}.Debug|iPhoneSimulator.Deploy.0 = Debug|iPhoneSimulator
		{D3227345-083C-48EC-BEE3-EEE71512997A}.Release|Any CPU.ActiveCfg = Release|iPhone
		{D3227345-083C-48EC-BEE3-EEE71512997A}.Release|Any CPU.Build.0 = Release|iPhone
		{D3227345-083C-48EC-BEE3-EEE71512997A}.Release|Any CPU.Deploy.0 = Release|iPhone
		{D3227345-083C-48EC-BEE3-EEE71512997A}.Release|iPhone.ActiveCfg = Release|iPhone
		{D3227345-083C-48EC-BEE3-EEE71512997A}.Release|iPhone.Build.0 = Release|iPhone
		{D3227345-083C-48EC-BEE3-EEE71512997A}.Release|iPhone.Deploy.0 = Release|iPhone
		{D3227345-083C-48EC-BEE3-EEE71512997A}.Release|iPhoneSimulator.ActiveCfg = Release|iPhoneSimulator
		{D3227345-083C-48EC-BEE3-EEE71512997A}.Release|iPhoneSimulator.Build.0 = Release|iPhoneSimulator
		{D3227345-083C-48EC-BEE3-EEE71512997A}.Release|iPhoneSimulator.Deploy.0 = Release|iPhoneSimulator
		{FE2D634C-805E-4A1A-8C7C-C97EF3F69188}.Ad-Hoc|Any CPU.ActiveCfg = Debug|Any CPU
		{FE2D634C-805E-4A1A-8C7C-C97EF3F69188}.Ad-Hoc|Any CPU.Build.0 = Debug|Any CPU
		{FE2D634C-805E-4A1A-8C7C-C97EF3F69188}.Ad-Hoc|Any CPU.Deploy.0 = Debug|Any CPU
		{FE2D634C-805E-4A1A-8C7C-C97EF3F69188}.Ad-Hoc|iPhone.ActiveCfg = Debug|Any CPU
		{FE2D634C-805E-4A1A-8C7C-C97EF3F69188}.Ad-Hoc|iPhone.Build.0 = Debug|Any CPU
		{FE2D634C-805E-4A1A-8C7C-C97EF3F69188}.Ad-Hoc|iPhone.Deploy.0 = Debug|Any CPU
		{FE2D634C-805E-4A1A-8C7C-C97EF3F69188}.Ad-Hoc|iPhoneSimulator.ActiveCfg = Debug|Any CPU
		{FE2D634C-805E-4A1A-8C7C-C97EF3F69188}.Ad-Hoc|iPhoneSimulator.Build.0 = Debug|Any CPU
		{FE2D634C-805E-4A1A-8C7C-C97EF3F69188}.Ad-Hoc|iPhoneSimulator.Deploy.0 = Debug|Any CPU
		{FE2D634C-805E-4A1A-8C7C-C97EF3F69188}.AppStore|Any CPU.ActiveCfg = Debug|Any CPU
		{FE2D634C-805E-4A1A-8C7C-C97EF3F69188}.AppStore|Any CPU.Build.0 = Debug|Any CPU
		{FE2D634C-805E-4A1A-8C7C-C97EF3F69188}.AppStore|Any CPU.Deploy.0 = Debug|Any CPU
		{FE2D634C-805E-4A1A-8C7C-C97EF3F69188}.AppStore|iPhone.ActiveCfg = Debug|Any CPU
		{FE2D634C-805E-4A1A-8C7C-C97EF3F69188}.AppStore|iPhone.Build.0 = Debug|Any CPU
		{FE2D634C-805E-4A1A-8C7C-C97EF3F69188}.AppStore|iPhone.Deploy.0 = Debug|Any CPU
		{FE2D634C-805E-4A1A-8C7C-C97EF3F69188}.AppStore|iPhoneSimulator.ActiveCfg = Debug|Any CPU
		{FE2D634C-805E-4A1A-8C7C-C97EF3F69188}.AppStore|iPhoneSimulator.Build.0 = Debug|Any CPU
		{FE2D634C-805E-4A1A-8C7C-C97EF3F69188}.AppStore|iPhoneSimulator.Deploy.0 = Debug|Any CPU
		{FE2D634C-805E-4A1A-8C7C-C97EF3F69188}.Debug|Any CPU.ActiveCfg = Debug|Any CPU
		{FE2D634C-805E-4A1A-8C7C-C97EF3F69188}.Debug|Any CPU.Build.0 = Debug|Any CPU
		{FE2D634C-805E-4A1A-8C7C-C97EF3F69188}.Debug|Any CPU.Deploy.0 = Debug|Any CPU
		{FE2D634C-805E-4A1A-8C7C-C97EF3F69188}.Debug|iPhone.ActiveCfg = Debug|Any CPU
		{FE2D634C-805E-4A1A-8C7C-C97EF3F69188}.Debug|iPhone.Build.0 = Debug|Any CPU
		{FE2D634C-805E-4A1A-8C7C-C97EF3F69188}.Debug|iPhone.Deploy.0 = Debug|Any CPU
		{FE2D634C-805E-4A1A-8C7C-C97EF3F69188}.Debug|iPhoneSimulator.ActiveCfg = Debug|Any CPU
		{FE2D634C-805E-4A1A-8C7C-C97EF3F69188}.Debug|iPhoneSimulator.Build.0 = Debug|Any CPU
		{FE2D634C-805E-4A1A-8C7C-C97EF3F69188}.Debug|iPhoneSimulator.Deploy.0 = Debug|Any CPU
		{FE2D634C-805E-4A1A-8C7C-C97EF3F69188}.Release|Any CPU.ActiveCfg = Release|Any CPU
		{FE2D634C-805E-4A1A-8C7C-C97EF3F69188}.Release|Any CPU.Build.0 = Release|Any CPU
		{FE2D634C-805E-4A1A-8C7C-C97EF3F69188}.Release|Any CPU.Deploy.0 = Release|Any CPU
		{FE2D634C-805E-4A1A-8C7C-C97EF3F69188}.Release|iPhone.ActiveCfg = Release|Any CPU
		{FE2D634C-805E-4A1A-8C7C-C97EF3F69188}.Release|iPhone.Build.0 = Release|Any CPU
		{FE2D634C-805E-4A1A-8C7C-C97EF3F69188}.Release|iPhone.Deploy.0 = Release|Any CPU
		{FE2D634C-805E-4A1A-8C7C-C97EF3F69188}.Release|iPhoneSimulator.ActiveCfg = Release|Any CPU
		{FE2D634C-805E-4A1A-8C7C-C97EF3F69188}.Release|iPhoneSimulator.Build.0 = Release|Any CPU
		{FE2D634C-805E-4A1A-8C7C-C97EF3F69188}.Release|iPhoneSimulator.Deploy.0 = Release|Any CPU
	EndGlobalSection
	GlobalSection(SolutionProperties) = preSolution
		HideSolutionNode = FALSE
	EndGlobalSection
	GlobalSection(ExtensibilityGlobals) = postSolution
		SolutionGuid = {86AA3482-44C0-46AE-91AB-07151AF8BEC5}
	EndGlobalSection
EndGlobal
